github.com/bxcodec/faker v1.5.0 h1:RIWOeAcM3ZHye1i8bQtHU2LfNOaLmHuRiCo60mNMOcQ=
github.com/bxcodec/faker v2.0.1+incompatible h1:P0KUpUw5w6WJXwrPfv35oc91i4d8nf40Nwln+M/+faA=
github.com/bxcodec/faker/v3 v3.6.0 h1:Meuh+M6pQJsQJwxVALq6H5wpDzkZ4pStV9pmH7gbKKs=
github.com/bxcodec/faker/v3 v3.6.0/go.mod h1:gF31YgnMSMKgkvl+fyEo1xuSMbEuieyqfeslGYFjneM=
